// !$*UTF8*$!
{
	archiveVersion = 1;
	classes = {
	};
	objectVersion = 56;
	objects = {

/* Begin PBXBuildFile section */
		2C20A8782B3010BD00225EA3 /* ContentTextEditorView.swift in Sources */ = {isa = PBXBuildFile; fileRef = 2C20A8772B3010BD00225EA3 /* ContentTextEditorView.swift */; };
		2C20A87E2B301AAF00225EA3 /* ContentTableViewController+ContentTextEditorViewDelegate.swift in Sources */ = {isa = PBXBuildFile; fileRef = 2C20A87D2B301AAF00225EA3 /* ContentTableViewController+ContentTextEditorViewDelegate.swift */; };
		2C20A8802B30368900225EA3 /* ContentTableViewController+UIDocumentPickerDelegate.swift in Sources */ = {isa = PBXBuildFile; fileRef = 2C20A87F2B30368900225EA3 /* ContentTableViewController+UIDocumentPickerDelegate.swift */; };
		2C2A084B2B319D7C0087210B /* CurrentValueSubject+Init.swift in Sources */ = {isa = PBXBuildFile; fileRef = 2C2A084A2B319D7C0087210B /* CurrentValueSubject+Init.swift */; };
		2C59CF8E2B20E9970048363D /* Spreadsheet.framework in Frameworks */ = {isa = PBXBuildFile; fileRef = 2C59CF8D2B20E9780048363D /* Spreadsheet.framework */; };
		2C59CF8F2B20E9970048363D /* Spreadsheet.framework in Embed Frameworks */ = {isa = PBXBuildFile; fileRef = 2C59CF8D2B20E9780048363D /* Spreadsheet.framework */; settings = {ATTRIBUTES = (CodeSignOnCopy, RemoveHeadersOnCopy, ); }; };
		2C70E6A02B2F261900B82168 /* ContentTableViewController+SheetViewDataSource.swift in Sources */ = {isa = PBXBuildFile; fileRef = 2C70E69F2B2F261900B82168 /* ContentTableViewController+SheetViewDataSource.swift */; };
		2C70E6A22B2F271000B82168 /* ContentTableViewController+SheetViewDelegate.swift in Sources */ = {isa = PBXBuildFile; fileRef = 2C70E6A12B2F271000B82168 /* ContentTableViewController+SheetViewDelegate.swift */; };
		2C70E6A42B2F299000B82168 /* SheetSelection+Util.swift in Sources */ = {isa = PBXBuildFile; fileRef = 2C70E6A32B2F299000B82168 /* SheetSelection+Util.swift */; };
		2C70E6A72B2F370900B82168 /* MainMenu.swift in Sources */ = {isa = PBXBuildFile; fileRef = 2C70E6A62B2F370900B82168 /* MainMenu.swift */; };
		2C74875E2B21D43E001D134B /* LibCSV.framework in Frameworks */ = {isa = PBXBuildFile; fileRef = 2C74875B2B21D42D001D134B /* LibCSV.framework */; };
		2C74875F2B21D43E001D134B /* LibCSV.framework in Embed Frameworks */ = {isa = PBXBuildFile; fileRef = 2C74875B2B21D42D001D134B /* LibCSV.framework */; settings = {ATTRIBUTES = (CodeSignOnCopy, RemoveHeadersOnCopy, ); }; };
		2C7487622B21D4DD001D134B /* test.csv in Resources */ = {isa = PBXBuildFile; fileRef = 2C7487612B21D4DD001D134B /* test.csv */; };
		2C917CDB2B20DB53005FCFB1 /* AppDelegate.swift in Sources */ = {isa = PBXBuildFile; fileRef = 2C917CDA2B20DB53005FCFB1 /* AppDelegate.swift */; };
		2C917CDD2B20DB53005FCFB1 /* SceneDelegate.swift in Sources */ = {isa = PBXBuildFile; fileRef = 2C917CDC2B20DB53005FCFB1 /* SceneDelegate.swift */; };
		2C917CDF2B20DB53005FCFB1 /* ContentTableViewController.swift in Sources */ = {isa = PBXBuildFile; fileRef = 2C917CDE2B20DB53005FCFB1 /* ContentTableViewController.swift */; };
		2C917CE22B20DB53005FCFB1 /* ContentTable.storyboard in Resources */ = {isa = PBXBuildFile; fileRef = 2C917CE02B20DB53005FCFB1 /* ContentTable.storyboard */; };
		2C917CE42B20DB54005FCFB1 /* Assets.xcassets in Resources */ = {isa = PBXBuildFile; fileRef = 2C917CE32B20DB54005FCFB1 /* Assets.xcassets */; };
		2C917CE72B20DB54005FCFB1 /* LaunchScreen.storyboard in Resources */ = {isa = PBXBuildFile; fileRef = 2C917CE52B20DB54005FCFB1 /* LaunchScreen.storyboard */; };
		2CF6A4302B264DF2004FAD45 /* ContentTableViewModel.swift in Sources */ = {isa = PBXBuildFile; fileRef = 2CF6A42F2B264DF2004FAD45 /* ContentTableViewModel.swift */; };
/* End PBXBuildFile section */

/* Begin PBXContainerItemProxy section */
		2C59CF8C2B20E9780048363D /* PBXContainerItemProxy */ = {
			isa = PBXContainerItemProxy;
			containerPortal = 2C59CF882B20E9780048363D /* Spreadsheet.xcodeproj */;
			proxyType = 2;
			remoteGlobalIDString = 2C59CF162B20DD790048363D;
			remoteInfo = Spreadsheet;
		};
		2C74875A2B21D42D001D134B /* PBXContainerItemProxy */ = {
			isa = PBXContainerItemProxy;
			containerPortal = 2C7487552B21D42D001D134B /* LibCSV.xcodeproj */;
			proxyType = 2;
			remoteGlobalIDString = 2C74871E2B2103E5001D134B;
			remoteInfo = LibCSV;
		};
		2C74875C2B21D42D001D134B /* PBXContainerItemProxy */ = {
			isa = PBXContainerItemProxy;
			containerPortal = 2C7487552B21D42D001D134B /* LibCSV.xcodeproj */;
			proxyType = 2;
			remoteGlobalIDString = 2C7487472B21CEB4001D134B;
			remoteInfo = LibCSVTests;
		};
		2CF6A42D2B264DD7004FAD45 /* PBXContainerItemProxy */ = {
			isa = PBXContainerItemProxy;
			containerPortal = 2C59CF882B20E9780048363D /* Spreadsheet.xcodeproj */;
			proxyType = 2;
			remoteGlobalIDString = 2CF6A41B2B261A10004FAD45;
			remoteInfo = SpreadsheetTests;
		};
/* End PBXContainerItemProxy section */

/* Begin PBXCopyFilesBuildPhase section */
		2C59CF902B20E9970048363D /* Embed Frameworks */ = {
			isa = PBXCopyFilesBuildPhase;
			buildActionMask = 2147483647;
			dstPath = "";
			dstSubfolderSpec = 10;
			files = (
				2C59CF8F2B20E9970048363D /* Spreadsheet.framework in Embed Frameworks */,
				2C74875F2B21D43E001D134B /* LibCSV.framework in Embed Frameworks */,
			);
			name = "Embed Frameworks";
			runOnlyForDeploymentPostprocessing = 0;
		};
/* End PBXCopyFilesBuildPhase section */

/* Begin PBXFileReference section */
		2C20A8772B3010BD00225EA3 /* ContentTextEditorView.swift */ = {isa = PBXFileReference; lastKnownFileType = sourcecode.swift; path = ContentTextEditorView.swift; sourceTree = "<group>"; };
		2C20A87D2B301AAF00225EA3 /* ContentTableViewController+ContentTextEditorViewDelegate.swift */ = {isa = PBXFileReference; lastKnownFileType = sourcecode.swift; path = "ContentTableViewController+ContentTextEditorViewDelegate.swift"; sourceTree = "<group>"; };
		2C20A87F2B30368900225EA3 /* ContentTableViewController+UIDocumentPickerDelegate.swift */ = {isa = PBXFileReference; lastKnownFileType = sourcecode.swift; path = "ContentTableViewController+UIDocumentPickerDelegate.swift"; sourceTree = "<group>"; };
		2C2A084A2B319D7C0087210B /* CurrentValueSubject+Init.swift */ = {isa = PBXFileReference; lastKnownFileType = sourcecode.swift; path = "CurrentValueSubject+Init.swift"; sourceTree = "<group>"; };
		2C59CF882B20E9780048363D /* Spreadsheet.xcodeproj */ = {isa = PBXFileReference; lastKnownFileType = "wrapper.pb-project"; name = Spreadsheet.xcodeproj; path = Lib/spreadsheet/Spreadsheet.xcodeproj; sourceTree = "<group>"; };
		2C70E69F2B2F261900B82168 /* ContentTableViewController+SheetViewDataSource.swift */ = {isa = PBXFileReference; lastKnownFileType = sourcecode.swift; path = "ContentTableViewController+SheetViewDataSource.swift"; sourceTree = "<group>"; };
		2C70E6A12B2F271000B82168 /* ContentTableViewController+SheetViewDelegate.swift */ = {isa = PBXFileReference; lastKnownFileType = sourcecode.swift; path = "ContentTableViewController+SheetViewDelegate.swift"; sourceTree = "<group>"; };
		2C70E6A32B2F299000B82168 /* SheetSelection+Util.swift */ = {isa = PBXFileReference; lastKnownFileType = sourcecode.swift; path = "SheetSelection+Util.swift"; sourceTree = "<group>"; };
		2C70E6A62B2F370900B82168 /* MainMenu.swift */ = {isa = PBXFileReference; lastKnownFileType = sourcecode.swift; path = MainMenu.swift; sourceTree = "<group>"; };
		2C7487552B21D42D001D134B /* LibCSV.xcodeproj */ = {isa = PBXFileReference; lastKnownFileType = "wrapper.pb-project"; name = LibCSV.xcodeproj; path = Lib/LibCSV/LibCSV.xcodeproj; sourceTree = "<group>"; };
		2C7487612B21D4DD001D134B /* test.csv */ = {isa = PBXFileReference; lastKnownFileType = text; path = test.csv; sourceTree = "<group>"; };
		2C917CD72B20DB53005FCFB1 /* Commatoze.app */ = {isa = PBXFileReference; explicitFileType = wrapper.application; includeInIndex = 0; path = Commatoze.app; sourceTree = BUILT_PRODUCTS_DIR; };
		2C917CDA2B20DB53005FCFB1 /* AppDelegate.swift */ = {isa = PBXFileReference; lastKnownFileType = sourcecode.swift; path = AppDelegate.swift; sourceTree = "<group>"; };
		2C917CDC2B20DB53005FCFB1 /* SceneDelegate.swift */ = {isa = PBXFileReference; lastKnownFileType = sourcecode.swift; path = SceneDelegate.swift; sourceTree = "<group>"; };
		2C917CDE2B20DB53005FCFB1 /* ContentTableViewController.swift */ = {isa = PBXFileReference; lastKnownFileType = sourcecode.swift; path = ContentTableViewController.swift; sourceTree = "<group>"; };
		2C917CE12B20DB53005FCFB1 /* Base */ = {isa = PBXFileReference; lastKnownFileType = file.storyboard; name = Base; path = Base.lproj/ContentTable.storyboard; sourceTree = "<group>"; };
		2C917CE32B20DB54005FCFB1 /* Assets.xcassets */ = {isa = PBXFileReference; lastKnownFileType = folder.assetcatalog; path = Assets.xcassets; sourceTree = "<group>"; };
		2C917CE62B20DB54005FCFB1 /* Base */ = {isa = PBXFileReference; lastKnownFileType = file.storyboard; name = Base; path = Base.lproj/LaunchScreen.storyboard; sourceTree = "<group>"; };
		2C917CE82B20DB54005FCFB1 /* Info.plist */ = {isa = PBXFileReference; lastKnownFileType = text.plist.xml; path = Info.plist; sourceTree = "<group>"; };
		2C917CEE2B20DB68005FCFB1 /* Commatoze.entitlements */ = {isa = PBXFileReference; lastKnownFileType = text.plist.entitlements; path = Commatoze.entitlements; sourceTree = "<group>"; };
		2CF6A42F2B264DF2004FAD45 /* ContentTableViewModel.swift */ = {isa = PBXFileReference; lastKnownFileType = sourcecode.swift; path = ContentTableViewModel.swift; sourceTree = "<group>"; };
/* End PBXFileReference section */

/* Begin PBXFrameworksBuildPhase section */
		2C917CD42B20DB53005FCFB1 /* Frameworks */ = {
			isa = PBXFrameworksBuildPhase;
			buildActionMask = 2147483647;
			files = (
				2C59CF8E2B20E9970048363D /* Spreadsheet.framework in Frameworks */,
				2C74875E2B21D43E001D134B /* LibCSV.framework in Frameworks */,
			);
			runOnlyForDeploymentPostprocessing = 0;
		};
/* End PBXFrameworksBuildPhase section */

/* Begin PBXGroup section */
		2C2A08452B319D6F0087210B /* Core */ = {
			isa = PBXGroup;
			children = (
				2C2A084A2B319D7C0087210B /* CurrentValueSubject+Init.swift */,
			);
			path = Core;
			sourceTree = "<group>";
		};
		2C59CF872B20E9700048363D /* Lib */ = {
			isa = PBXGroup;
			children = (
				2C7487552B21D42D001D134B /* LibCSV.xcodeproj */,
				2C59CF882B20E9780048363D /* Spreadsheet.xcodeproj */,
			);
			name = Lib;
			sourceTree = "<group>";
		};
		2C59CF892B20E9780048363D /* Products */ = {
			isa = PBXGroup;
			children = (
				2C59CF8D2B20E9780048363D /* Spreadsheet.framework */,
				2CF6A42E2B264DD7004FAD45 /* SpreadsheetTests.xctest */,
			);
			name = Products;
			sourceTree = "<group>";
		};
		2C59CF912B20E9BD0048363D /* ContentTable */ = {
			isa = PBXGroup;
			children = (
				2CF6A4282B264DD7004FAD45 /* ViewModel */,
				2C59CF922B20E9D80048363D /* View */,
			);
			path = ContentTable;
			sourceTree = "<group>";
		};
		2C59CF922B20E9D80048363D /* View */ = {
			isa = PBXGroup;
			children = (
				2C917CE02B20DB53005FCFB1 /* ContentTable.storyboard */,
				2C917CDE2B20DB53005FCFB1 /* ContentTableViewController.swift */,
				2C20A87D2B301AAF00225EA3 /* ContentTableViewController+ContentTextEditorViewDelegate.swift */,
				2C70E69F2B2F261900B82168 /* ContentTableViewController+SheetViewDataSource.swift */,
				2C70E6A12B2F271000B82168 /* ContentTableViewController+SheetViewDelegate.swift */,
				2C20A87F2B30368900225EA3 /* ContentTableViewController+UIDocumentPickerDelegate.swift */,
				2C20A8772B3010BD00225EA3 /* ContentTextEditorView.swift */,
				2C70E6A62B2F370900B82168 /* MainMenu.swift */,
			);
			path = View;
			sourceTree = "<group>";
		};
		2C70E6A52B2F36F100B82168 /* Spreadsheet */ = {
			isa = PBXGroup;
			children = (
				2C70E6A32B2F299000B82168 /* SheetSelection+Util.swift */,
			);
			path = Spreadsheet;
			sourceTree = "<group>";
		};
		2C7487562B21D42D001D134B /* Products */ = {
			isa = PBXGroup;
			children = (
				2C74875B2B21D42D001D134B /* LibCSV.framework */,
				2C74875D2B21D42D001D134B /* LibCSVTests.xctest */,
			);
			name = Products;
			sourceTree = "<group>";
		};
		2C7487602B21D4AB001D134B /* Resources */ = {
			isa = PBXGroup;
			children = (
				2C917CE32B20DB54005FCFB1 /* Assets.xcassets */,
				2C7487612B21D4DD001D134B /* test.csv */,
			);
			path = Resources;
			sourceTree = "<group>";
		};
		2C917CCE2B20DB53005FCFB1 = {
			isa = PBXGroup;
			children = (
				2C59CF872B20E9700048363D /* Lib */,
				2C917CD92B20DB53005FCFB1 /* Commatoze */,
				2C917CD82B20DB53005FCFB1 /* Products */,
				2C917D152B20DCC7005FCFB1 /* Frameworks */,
			);
			sourceTree = "<group>";
		};
		2C917CD82B20DB53005FCFB1 /* Products */ = {
			isa = PBXGroup;
			children = (
				2C917CD72B20DB53005FCFB1 /* Commatoze.app */,
			);
			name = Products;
			sourceTree = "<group>";
		};
		2C917CD92B20DB53005FCFB1 /* Commatoze */ = {
			isa = PBXGroup;
			children = (
				2C2A08452B319D6F0087210B /* Core */,
				2C917CDA2B20DB53005FCFB1 /* AppDelegate.swift */,
				2C917CEE2B20DB68005FCFB1 /* Commatoze.entitlements */,
				2C59CF912B20E9BD0048363D /* ContentTable */,
				2C917CE82B20DB54005FCFB1 /* Info.plist */,
				2C917CE52B20DB54005FCFB1 /* LaunchScreen.storyboard */,
				2C7487602B21D4AB001D134B /* Resources */,
				2C917CDC2B20DB53005FCFB1 /* SceneDelegate.swift */,
				2C70E6A52B2F36F100B82168 /* Spreadsheet */,
			);
			path = Commatoze;
			sourceTree = "<group>";
		};
		2C917D152B20DCC7005FCFB1 /* Frameworks */ = {
			isa = PBXGroup;
			children = (
			);
			name = Frameworks;
			sourceTree = "<group>";
		};
		2CF6A4282B264DD7004FAD45 /* ViewModel */ = {
			isa = PBXGroup;
			children = (
				2CF6A42F2B264DF2004FAD45 /* ContentTableViewModel.swift */,
			);
			path = ViewModel;
			sourceTree = "<group>";
		};
/* End PBXGroup section */

/* Begin PBXNativeTarget section */
		2C917CD62B20DB53005FCFB1 /* Commatoze */ = {
			isa = PBXNativeTarget;
			buildConfigurationList = 2C917CEB2B20DB54005FCFB1 /* Build configuration list for PBXNativeTarget "Commatoze" */;
			buildPhases = (
				2C917CD32B20DB53005FCFB1 /* Sources */,
				2C917CD42B20DB53005FCFB1 /* Frameworks */,
				2C917CD52B20DB53005FCFB1 /* Resources */,
				2C59CF902B20E9970048363D /* Embed Frameworks */,
			);
			buildRules = (
			);
			dependencies = (
			);
			name = Commatoze;
			productName = Commatoze;
			productReference = 2C917CD72B20DB53005FCFB1 /* Commatoze.app */;
			productType = "com.apple.product-type.application";
		};
/* End PBXNativeTarget section */

/* Begin PBXProject section */
		2C917CCF2B20DB53005FCFB1 /* Project object */ = {
			isa = PBXProject;
			attributes = {
				BuildIndependentTargetsInParallel = 1;
				LastSwiftUpdateCheck = 1430;
				LastUpgradeCheck = 1430;
				TargetAttributes = {
					2C917CD62B20DB53005FCFB1 = {
						CreatedOnToolsVersion = 14.3.1;
					};
				};
			};
			buildConfigurationList = 2C917CD22B20DB53005FCFB1 /* Build configuration list for PBXProject "Commatoze" */;
			compatibilityVersion = "Xcode 14.0";
			developmentRegion = en;
			hasScannedForEncodings = 0;
			knownRegions = (
				en,
				Base,
			);
			mainGroup = 2C917CCE2B20DB53005FCFB1;
			productRefGroup = 2C917CD82B20DB53005FCFB1 /* Products */;
			projectDirPath = "";
			projectReferences = (
				{
					ProductGroup = 2C7487562B21D42D001D134B /* Products */;
					ProjectRef = 2C7487552B21D42D001D134B /* LibCSV.xcodeproj */;
				},
				{
					ProductGroup = 2C59CF892B20E9780048363D /* Products */;
					ProjectRef = 2C59CF882B20E9780048363D /* Spreadsheet.xcodeproj */;
				},
			);
			projectRoot = "";
			targets = (
				2C917CD62B20DB53005FCFB1 /* Commatoze */,
			);
		};
/* End PBXProject section */

/* Begin PBXReferenceProxy section */
		2C59CF8D2B20E9780048363D /* Spreadsheet.framework */ = {
			isa = PBXReferenceProxy;
			fileType = wrapper.framework;
			path = Spreadsheet.framework;
			remoteRef = 2C59CF8C2B20E9780048363D /* PBXContainerItemProxy */;
			sourceTree = BUILT_PRODUCTS_DIR;
		};
		2C74875B2B21D42D001D134B /* LibCSV.framework */ = {
			isa = PBXReferenceProxy;
			fileType = wrapper.framework;
			path = LibCSV.framework;
			remoteRef = 2C74875A2B21D42D001D134B /* PBXContainerItemProxy */;
			sourceTree = BUILT_PRODUCTS_DIR;
		};
		2C74875D2B21D42D001D134B /* LibCSVTests.xctest */ = {
			isa = PBXReferenceProxy;
			fileType = wrapper.cfbundle;
			path = LibCSVTests.xctest;
			remoteRef = 2C74875C2B21D42D001D134B /* PBXContainerItemProxy */;
			sourceTree = BUILT_PRODUCTS_DIR;
		};
		2CF6A42E2B264DD7004FAD45 /* SpreadsheetTests.xctest */ = {
			isa = PBXReferenceProxy;
			fileType = wrapper.cfbundle;
			path = SpreadsheetTests.xctest;
			remoteRef = 2CF6A42D2B264DD7004FAD45 /* PBXContainerItemProxy */;
			sourceTree = BUILT_PRODUCTS_DIR;
		};
/* End PBXReferenceProxy section */

/* Begin PBXResourcesBuildPhase section */
		2C917CD52B20DB53005FCFB1 /* Resources */ = {
			isa = PBXResourcesBuildPhase;
			buildActionMask = 2147483647;
			files = (
				2C917CE72B20DB54005FCFB1 /* LaunchScreen.storyboard in Resources */,
				2C917CE42B20DB54005FCFB1 /* Assets.xcassets in Resources */,
				2C7487622B21D4DD001D134B /* test.csv in Resources */,
				2C917CE22B20DB53005FCFB1 /* ContentTable.storyboard in Resources */,
			);
			runOnlyForDeploymentPostprocessing = 0;
		};
/* End PBXResourcesBuildPhase section */

/* Begin PBXSourcesBuildPhase section */
		2C917CD32B20DB53005FCFB1 /* Sources */ = {
			isa = PBXSourcesBuildPhase;
			buildActionMask = 2147483647;
			files = (
				2C2A084B2B319D7C0087210B /* CurrentValueSubject+Init.swift in Sources */,
				2C917CDF2B20DB53005FCFB1 /* ContentTableViewController.swift in Sources */,
				2C70E6A22B2F271000B82168 /* ContentTableViewController+SheetViewDelegate.swift in Sources */,
				2C917CDB2B20DB53005FCFB1 /* AppDelegate.swift in Sources */,
				2C70E6A72B2F370900B82168 /* MainMenu.swift in Sources */,
				2C20A8782B3010BD00225EA3 /* ContentTextEditorView.swift in Sources */,
				2C20A87E2B301AAF00225EA3 /* ContentTableViewController+ContentTextEditorViewDelegate.swift in Sources */,
				2C70E6A02B2F261900B82168 /* ContentTableViewController+SheetViewDataSource.swift in Sources */,
				2CF6A4302B264DF2004FAD45 /* ContentTableViewModel.swift in Sources */,
				2C917CDD2B20DB53005FCFB1 /* SceneDelegate.swift in Sources */,
				2C20A8802B30368900225EA3 /* ContentTableViewController+UIDocumentPickerDelegate.swift in Sources */,
				2C70E6A42B2F299000B82168 /* SheetSelection+Util.swift in Sources */,
			);
			runOnlyForDeploymentPostprocessing = 0;
		};
/* End PBXSourcesBuildPhase section */

/* Begin PBXVariantGroup section */
		2C917CE02B20DB53005FCFB1 /* ContentTable.storyboard */ = {
			isa = PBXVariantGroup;
			children = (
				2C917CE12B20DB53005FCFB1 /* Base */,
			);
			name = ContentTable.storyboard;
			sourceTree = "<group>";
		};
		2C917CE52B20DB54005FCFB1 /* LaunchScreen.storyboard */ = {
			isa = PBXVariantGroup;
			children = (
				2C917CE62B20DB54005FCFB1 /* Base */,
			);
			name = LaunchScreen.storyboard;
			sourceTree = "<group>";
		};
/* End PBXVariantGroup section */

/* Begin XCBuildConfiguration section */
		2C917CE92B20DB54005FCFB1 /* Debug */ = {
			isa = XCBuildConfiguration;
			buildSettings = {
				ALWAYS_SEARCH_USER_PATHS = NO;
				CLANG_ANALYZER_NONNULL = YES;
				CLANG_ANALYZER_NUMBER_OBJECT_CONVERSION = YES_AGGRESSIVE;
				CLANG_CXX_LANGUAGE_STANDARD = "gnu++20";
				CLANG_ENABLE_MODULES = YES;
				CLANG_ENABLE_OBJC_ARC = YES;
				CLANG_ENABLE_OBJC_WEAK = YES;
				CLANG_WARN_BLOCK_CAPTURE_AUTORELEASING = YES;
				CLANG_WARN_BOOL_CONVERSION = YES;
				CLANG_WARN_COMMA = YES;
				CLANG_WARN_CONSTANT_CONVERSION = YES;
				CLANG_WARN_DEPRECATED_OBJC_IMPLEMENTATIONS = YES;
				CLANG_WARN_DIRECT_OBJC_ISA_USAGE = YES_ERROR;
				CLANG_WARN_DOCUMENTATION_COMMENTS = YES;
				CLANG_WARN_EMPTY_BODY = YES;
				CLANG_WARN_ENUM_CONVERSION = YES;
				CLANG_WARN_INFINITE_RECURSION = YES;
				CLANG_WARN_INT_CONVERSION = YES;
				CLANG_WARN_NON_LITERAL_NULL_CONVERSION = YES;
				CLANG_WARN_OBJC_IMPLICIT_RETAIN_SELF = YES;
				CLANG_WARN_OBJC_LITERAL_CONVERSION = YES;
				CLANG_WARN_OBJC_ROOT_CLASS = YES_ERROR;
				CLANG_WARN_QUOTED_INCLUDE_IN_FRAMEWORK_HEADER = YES;
				CLANG_WARN_RANGE_LOOP_ANALYSIS = YES;
				CLANG_WARN_STRICT_PROTOTYPES = YES;
				CLANG_WARN_SUSPICIOUS_MOVE = YES;
				CLANG_WARN_UNGUARDED_AVAILABILITY = YES_AGGRESSIVE;
				CLANG_WARN_UNREACHABLE_CODE = YES;
				CLANG_WARN__DUPLICATE_METHOD_MATCH = YES;
				COPY_PHASE_STRIP = NO;
				DEBUG_INFORMATION_FORMAT = dwarf;
				ENABLE_STRICT_OBJC_MSGSEND = YES;
				ENABLE_TESTABILITY = YES;
				GCC_C_LANGUAGE_STANDARD = gnu11;
				GCC_DYNAMIC_NO_PIC = NO;
				GCC_NO_COMMON_BLOCKS = YES;
				GCC_OPTIMIZATION_LEVEL = 0;
				GCC_PREPROCESSOR_DEFINITIONS = (
					"DEBUG=1",
					"$(inherited)",
				);
				GCC_WARN_64_TO_32_BIT_CONVERSION = YES;
				GCC_WARN_ABOUT_RETURN_TYPE = YES_ERROR;
				GCC_WARN_UNDECLARED_SELECTOR = YES;
				GCC_WARN_UNINITIALIZED_AUTOS = YES_AGGRESSIVE;
				GCC_WARN_UNUSED_FUNCTION = YES;
				GCC_WARN_UNUSED_VARIABLE = YES;
				IPHONEOS_DEPLOYMENT_TARGET = 16.4;
				MTL_ENABLE_DEBUG_INFO = INCLUDE_SOURCE;
				MTL_FAST_MATH = YES;
				ONLY_ACTIVE_ARCH = YES;
				SDKROOT = iphoneos;
				SWIFT_ACTIVE_COMPILATION_CONDITIONS = DEBUG;
				SWIFT_OPTIMIZATION_LEVEL = "-Onone";
			};
			name = Debug;
		};
		2C917CEA2B20DB54005FCFB1 /* Release */ = {
			isa = XCBuildConfiguration;
			buildSettings = {
				ALWAYS_SEARCH_USER_PATHS = NO;
				CLANG_ANALYZER_NONNULL = YES;
				CLANG_ANALYZER_NUMBER_OBJECT_CONVERSION = YES_AGGRESSIVE;
				CLANG_CXX_LANGUAGE_STANDARD = "gnu++20";
				CLANG_ENABLE_MODULES = YES;
				CLANG_ENABLE_OBJC_ARC = YES;
				CLANG_ENABLE_OBJC_WEAK = YES;
				CLANG_WARN_BLOCK_CAPTURE_AUTORELEASING = YES;
				CLANG_WARN_BOOL_CONVERSION = YES;
				CLANG_WARN_COMMA = YES;
				CLANG_WARN_CONSTANT_CONVERSION = YES;
				CLANG_WARN_DEPRECATED_OBJC_IMPLEMENTATIONS = YES;
				CLANG_WARN_DIRECT_OBJC_ISA_USAGE = YES_ERROR;
				CLANG_WARN_DOCUMENTATION_COMMENTS = YES;
				CLANG_WARN_EMPTY_BODY = YES;
				CLANG_WARN_ENUM_CONVERSION = YES;
				CLANG_WARN_INFINITE_RECURSION = YES;
				CLANG_WARN_INT_CONVERSION = YES;
				CLANG_WARN_NON_LITERAL_NULL_CONVERSION = YES;
				CLANG_WARN_OBJC_IMPLICIT_RETAIN_SELF = YES;
				CLANG_WARN_OBJC_LITERAL_CONVERSION = YES;
				CLANG_WARN_OBJC_ROOT_CLASS = YES_ERROR;
				CLANG_WARN_QUOTED_INCLUDE_IN_FRAMEWORK_HEADER = YES;
				CLANG_WARN_RANGE_LOOP_ANALYSIS = YES;
				CLANG_WARN_STRICT_PROTOTYPES = YES;
				CLANG_WARN_SUSPICIOUS_MOVE = YES;
				CLANG_WARN_UNGUARDED_AVAILABILITY = YES_AGGRESSIVE;
				CLANG_WARN_UNREACHABLE_CODE = YES;
				CLANG_WARN__DUPLICATE_METHOD_MATCH = YES;
				COPY_PHASE_STRIP = NO;
				DEBUG_INFORMATION_FORMAT = "dwarf-with-dsym";
				ENABLE_NS_ASSERTIONS = NO;
				ENABLE_STRICT_OBJC_MSGSEND = YES;
				GCC_C_LANGUAGE_STANDARD = gnu11;
				GCC_NO_COMMON_BLOCKS = YES;
				GCC_WARN_64_TO_32_BIT_CONVERSION = YES;
				GCC_WARN_ABOUT_RETURN_TYPE = YES_ERROR;
				GCC_WARN_UNDECLARED_SELECTOR = YES;
				GCC_WARN_UNINITIALIZED_AUTOS = YES_AGGRESSIVE;
				GCC_WARN_UNUSED_FUNCTION = YES;
				GCC_WARN_UNUSED_VARIABLE = YES;
				IPHONEOS_DEPLOYMENT_TARGET = 16.4;
				MTL_ENABLE_DEBUG_INFO = NO;
				MTL_FAST_MATH = YES;
				SDKROOT = iphoneos;
				SWIFT_COMPILATION_MODE = wholemodule;
				SWIFT_OPTIMIZATION_LEVEL = "-O";
				VALIDATE_PRODUCT = YES;
			};
			name = Release;
		};
		2C917CEC2B20DB54005FCFB1 /* Debug */ = {
			isa = XCBuildConfiguration;
			buildSettings = {
				ASSETCATALOG_COMPILER_APPICON_NAME = AppIcon;
				ASSETCATALOG_COMPILER_GLOBAL_ACCENT_COLOR_NAME = AccentColor;
				CODE_SIGN_ENTITLEMENTS = Commatoze/Commatoze.entitlements;
				CODE_SIGN_STYLE = Automatic;
				CURRENT_PROJECT_VERSION = 1;
				DEVELOPMENT_TEAM = ZJSZZS49UL;
				GENERATE_INFOPLIST_FILE = YES;
				INFOPLIST_FILE = Commatoze/Info.plist;
				INFOPLIST_KEY_LSApplicationCategoryType = "public.app-category.productivity";
				INFOPLIST_KEY_UIApplicationSupportsIndirectInputEvents = YES;
				INFOPLIST_KEY_UILaunchStoryboardName = ContentTable.storyboard;
				INFOPLIST_KEY_UIMainStoryboardFile = ContentTable;
				INFOPLIST_KEY_UIRequiresFullScreen = NO;
				INFOPLIST_KEY_UISupportedInterfaceOrientations_iPad = "UIInterfaceOrientationPortrait UIInterfaceOrientationPortraitUpsideDown UIInterfaceOrientationLandscapeLeft UIInterfaceOrientationLandscapeRight";
				INFOPLIST_KEY_UISupportedInterfaceOrientations_iPhone = "UIInterfaceOrientationPortrait UIInterfaceOrientationLandscapeLeft UIInterfaceOrientationLandscapeRight";
				IPHONEOS_DEPLOYMENT_TARGET = 13.0;
				LD_RUNPATH_SEARCH_PATHS = (
					"$(inherited)",
					"@executable_path/Frameworks",
				);
				MARKETING_VERSION = 0.0;
				PRODUCT_BUNDLE_IDENTIFIER = dev.shmilo.Commatoze;
				PRODUCT_NAME = "$(TARGET_NAME)";
				SUPPORTED_PLATFORMS = "iphoneos iphonesimulator";
				SUPPORTS_MACCATALYST = YES;
				SUPPORTS_MAC_DESIGNED_FOR_IPHONE_IPAD = NO;
				SWIFT_EMIT_LOC_STRINGS = YES;
				SWIFT_VERSION = 5.0;
				TARGETED_DEVICE_FAMILY = "1,2";
			};
			name = Debug;
		};
		2C917CED2B20DB54005FCFB1 /* Release */ = {
			isa = XCBuildConfiguration;
			buildSettings = {
				ASSETCATALOG_COMPILER_APPICON_NAME = AppIcon;
				ASSETCATALOG_COMPILER_GLOBAL_ACCENT_COLOR_NAME = AccentColor;
				CODE_SIGN_ENTITLEMENTS = Commatoze/Commatoze.entitlements;
				CODE_SIGN_STYLE = Automatic;
				CURRENT_PROJECT_VERSION = 1;
				DEVELOPMENT_TEAM = ZJSZZS49UL;
				GENERATE_INFOPLIST_FILE = YES;
				INFOPLIST_FILE = Commatoze/Info.plist;
				INFOPLIST_KEY_LSApplicationCategoryType = "public.app-category.productivity";
				INFOPLIST_KEY_UIApplicationSupportsIndirectInputEvents = YES;
				INFOPLIST_KEY_UILaunchStoryboardName = ContentTable.storyboard;
				INFOPLIST_KEY_UIMainStoryboardFile = ContentTable;
				INFOPLIST_KEY_UIRequiresFullScreen = NO;
				INFOPLIST_KEY_UISupportedInterfaceOrientations_iPad = "UIInterfaceOrientationPortrait UIInterfaceOrientationPortraitUpsideDown UIInterfaceOrientationLandscapeLeft UIInterfaceOrientationLandscapeRight";
				INFOPLIST_KEY_UISupportedInterfaceOrientations_iPhone = "UIInterfaceOrientationPortrait UIInterfaceOrientationLandscapeLeft UIInterfaceOrientationLandscapeRight";
				IPHONEOS_DEPLOYMENT_TARGET = 13.0;
				LD_RUNPATH_SEARCH_PATHS = (
					"$(inherited)",
					"@executable_path/Frameworks",
				);
				MARKETING_VERSION = 0.0;
				PRODUCT_BUNDLE_IDENTIFIER = dev.shmilo.Commatoze;
				PRODUCT_NAME = "$(TARGET_NAME)";
				SUPPORTED_PLATFORMS = "iphoneos iphonesimulator";
				SUPPORTS_MACCATALYST = YES;
				SUPPORTS_MAC_DESIGNED_FOR_IPHONE_IPAD = NO;
				SWIFT_EMIT_LOC_STRINGS = YES;
				SWIFT_VERSION = 5.0;
				TARGETED_DEVICE_FAMILY = "1,2";
			};
			name = Release;
		};
/* End XCBuildConfiguration section */

/* Begin XCConfigurationList section */
		2C917CD22B20DB53005FCFB1 /* Build configuration list for PBXProject "Commatoze" */ = {
			isa = XCConfigurationList;
			buildConfigurations = (
				2C917CE92B20DB54005FCFB1 /* Debug */,
				2C917CEA2B20DB54005FCFB1 /* Release */,
			);
			defaultConfigurationIsVisible = 0;
			defaultConfigurationName = Release;
		};
		2C917CEB2B20DB54005FCFB1 /* Build configuration list for PBXNativeTarget "Commatoze" */ = {
			isa = XCConfigurationList;
			buildConfigurations = (
				2C917CEC2B20DB54005FCFB1 /* Debug */,
				2C917CED2B20DB54005FCFB1 /* Release */,
			);
			defaultConfigurationIsVisible = 0;
			defaultConfigurationName = Release;
		};
/* End XCConfigurationList section */
	};
	rootObject = 2C917CCF2B20DB53005FCFB1 /* Project object */;
}
